
Microsoft Visual Studio Solution File, Format Version 12.00
# Visual Studio Version 17
VisualStudioVersion = 17.9.34728.123
MinimumVisualStudioVersion = 10.0.40219.1
Project("{8BC9CEB8-8B4A-11D0-8D11-00A0C91BC942}") = "TestOne", "TestOne\TestOne.vcxproj", "{075289EB-48F0-4C81-AE13-DA8426051A14}"
EndProject
Global
	GlobalSection(SolutionConfigurationPlatforms) = preSolution
		Debug|x64 = Debug|x64
		Debug|x86 = Debug|x86
		Release|x64 = Release|x64
		Release|x86 = Release|x86
	EndGlobalSection
	GlobalSection(ProjectConfigurationPlatforms) = postSolution
		{075289EB-48F0-4C81-AE13-DA8426051A14}.Debug|x64.ActiveCfg = Debug|x64
		{075289EB-48F0-4C81-AE13-DA8426051A14}.Debug|x64.Build.0 = Debug|x64
		{075289EB-48F0-4C81-AE13-DA8426051A14}.Debug|x86.ActiveCfg = Debug|Win32
		{075289EB-48F0-4C81-AE13-DA8426051A14}.Debug|x86.Build.0 = Debug|Win32
		{075289EB-48F0-4C81-AE13-DA8426051A14}.Release|x64.ActiveCfg = Release|x64
		{075289EB-48F0-4C81-AE13-DA8426051A14}.Release|x64.Build.0 = Release|x64
		{075289EB-48F0-4C81-AE13-DA8426051A14}.Release|x86.ActiveCfg = Release|Win32
		{075289EB-48F0-4C81-AE13-DA8426051A14}.Release|x86.Build.0 = Release|Win32
	EndGlobalSection
	GlobalSection(SolutionProperties) = preSolution
		HideSolutionNode = FALSE
	EndGlobalSection
	GlobalSection(ExtensibilityGlobals) = postSolution
		SolutionGuid = {519CF968-612E-48F6-AE9E-11465B0FD085}
	EndGlobalSection
EndGlobal
